// !$*UTF8*$!
{
	archiveVersion = 1;
	classes = {
	};
	objectVersion = 56;
	objects = {

/* Begin PBXBuildFile section */
		DCC311BB29B77C1100E23278 /* Honey_MoonApp.swift in Sources */ = {isa = PBXBuildFile; fileRef = DCC311BA29B77C1100E23278 /* Honey_MoonApp.swift */; };
		DCC311BD29B77C1100E23278 /* ContentView.swift in Sources */ = {isa = PBXBuildFile; fileRef = DCC311BC29B77C1100E23278 /* ContentView.swift */; };
		DCC311BF29B77C1300E23278 /* Assets.xcassets in Resources */ = {isa = PBXBuildFile; fileRef = DCC311BE29B77C1300E23278 /* Assets.xcassets */; };
		DCC311C229B77C1300E23278 /* Preview Assets.xcassets in Resources */ = {isa = PBXBuildFile; fileRef = DCC311C129B77C1300E23278 /* Preview Assets.xcassets */; };
		DCC311CB29B8C8AF00E23278 /* sound-rise.mp3 in Resources */ = {isa = PBXBuildFile; fileRef = DCC311C929B8C8AE00E23278 /* sound-rise.mp3 */; };
		DCC311CC29B8C8AF00E23278 /* sound-click.mp3 in Resources */ = {isa = PBXBuildFile; fileRef = DCC311CA29B8C8AE00E23278 /* sound-click.mp3 */; };
		DCC311CE29B9D60C00E23278 /* LaunchScreen.storyboard in Resources */ = {isa = PBXBuildFile; fileRef = DCC311CD29B9D60C00E23278 /* LaunchScreen.storyboard */; };
		DCC311D029B9DF3900E23278 /* HoneymoonModel.swift in Sources */ = {isa = PBXBuildFile; fileRef = DCC311CF29B9DF3800E23278 /* HoneymoonModel.swift */; };
		DCC311D429B9E08E00E23278 /* HoneymoonData.swift in Sources */ = {isa = PBXBuildFile; fileRef = DCC311D329B9E08E00E23278 /* HoneymoonData.swift */; };
		DCC311D729B9E11100E23278 /* CardView.swift in Sources */ = {isa = PBXBuildFile; fileRef = DCC311D629B9E11100E23278 /* CardView.swift */; };
/* End PBXBuildFile section */

/* Begin PBXFileReference section */
		DCC311B729B77C1100E23278 /* Honey Moon.app */ = {isa = PBXFileReference; explicitFileType = wrapper.application; includeInIndex = 0; path = "Honey Moon.app"; sourceTree = BUILT_PRODUCTS_DIR; };
		DCC311BA29B77C1100E23278 /* Honey_MoonApp.swift */ = {isa = PBXFileReference; lastKnownFileType = sourcecode.swift; path = Honey_MoonApp.swift; sourceTree = "<group>"; };
		DCC311BC29B77C1100E23278 /* ContentView.swift */ = {isa = PBXFileReference; lastKnownFileType = sourcecode.swift; path = ContentView.swift; sourceTree = "<group>"; };
		DCC311BE29B77C1300E23278 /* Assets.xcassets */ = {isa = PBXFileReference; lastKnownFileType = folder.assetcatalog; path = Assets.xcassets; sourceTree = "<group>"; };
		DCC311C129B77C1300E23278 /* Preview Assets.xcassets */ = {isa = PBXFileReference; lastKnownFileType = folder.assetcatalog; path = "Preview Assets.xcassets"; sourceTree = "<group>"; };
		DCC311C929B8C8AE00E23278 /* sound-rise.mp3 */ = {isa = PBXFileReference; lastKnownFileType = audio.mp3; path = "sound-rise.mp3"; sourceTree = "<group>"; };
		DCC311CA29B8C8AE00E23278 /* sound-click.mp3 */ = {isa = PBXFileReference; lastKnownFileType = audio.mp3; path = "sound-click.mp3"; sourceTree = "<group>"; };
		DCC311CD29B9D60C00E23278 /* LaunchScreen.storyboard */ = {isa = PBXFileReference; lastKnownFileType = file.storyboard; path = LaunchScreen.storyboard; sourceTree = "<group>"; };
		DCC311CF29B9DF3800E23278 /* HoneymoonModel.swift */ = {isa = PBXFileReference; lastKnownFileType = sourcecode.swift; path = HoneymoonModel.swift; sourceTree = "<group>"; };
		DCC311D329B9E08E00E23278 /* HoneymoonData.swift */ = {isa = PBXFileReference; lastKnownFileType = sourcecode.swift; path = HoneymoonData.swift; sourceTree = "<group>"; };
		DCC311D629B9E11100E23278 /* CardView.swift */ = {isa = PBXFileReference; lastKnownFileType = sourcecode.swift; path = CardView.swift; sourceTree = "<group>"; };
/* End PBXFileReference section */

/* Begin PBXFrameworksBuildPhase section */
		DCC311B429B77C1100E23278 /* Frameworks */ = {
			isa = PBXFrameworksBuildPhase;
			buildActionMask = 2147483647;
			files = (
			);
			runOnlyForDeploymentPostprocessing = 0;
		};
/* End PBXFrameworksBuildPhase section */

/* Begin PBXGroup section */
		DCC311AE29B77C1100E23278 = {
			isa = PBXGroup;
			children = (
				DCC311B929B77C1100E23278 /* Honey Moon */,
				DCC311B829B77C1100E23278 /* Products */,
			);
			sourceTree = "<group>";
		};
		DCC311B829B77C1100E23278 /* Products */ = {
			isa = PBXGroup;
			children = (
				DCC311B729B77C1100E23278 /* Honey Moon.app */,
			);
			name = Products;
			sourceTree = "<group>";
		};
		DCC311B929B77C1100E23278 /* Honey Moon */ = {
			isa = PBXGroup;
			children = (
				DCC311D829B9E11E00E23278 /* Utilities */,
				DCC311D529B9E0FF00E23278 /* Views */,
				DCC311D229B9E06A00E23278 /* Data */,
				DCC311D129B9DF4900E23278 /* Models */,
				DCC311C829B8C8AE00E23278 /* Sounds */,
				DCC311C029B77C1300E23278 /* Preview Content */,
			);
			path = "Honey Moon";
			sourceTree = "<group>";
		};
		DCC311C029B77C1300E23278 /* Preview Content */ = {
			isa = PBXGroup;
			children = (
				DCC311C129B77C1300E23278 /* Preview Assets.xcassets */,
			);
			path = "Preview Content";
			sourceTree = "<group>";
		};
		DCC311C829B8C8AE00E23278 /* Sounds */ = {
			isa = PBXGroup;
			children = (
				DCC311C929B8C8AE00E23278 /* sound-rise.mp3 */,
				DCC311CA29B8C8AE00E23278 /* sound-click.mp3 */,
			);
			path = Sounds;
			sourceTree = "<group>";
		};
		DCC311D129B9DF4900E23278 /* Models */ = {
			isa = PBXGroup;
			children = (
				DCC311CF29B9DF3800E23278 /* HoneymoonModel.swift */,
			);
			path = Models;
			sourceTree = "<group>";
		};
		DCC311D229B9E06A00E23278 /* Data */ = {
			isa = PBXGroup;
			children = (
				DCC311D329B9E08E00E23278 /* HoneymoonData.swift */,
			);
			path = Data;
			sourceTree = "<group>";
		};
		DCC311D529B9E0FF00E23278 /* Views */ = {
			isa = PBXGroup;
			children = (
				DCC311BC29B77C1100E23278 /* ContentView.swift */,
				DCC311D629B9E11100E23278 /* CardView.swift */,
			);
			path = Views;
			sourceTree = "<group>";
		};
		DCC311D829B9E11E00E23278 /* Utilities */ = {
			isa = PBXGroup;
			children = (
				DCC311BA29B77C1100E23278 /* Honey_MoonApp.swift */,
				DCC311CD29B9D60C00E23278 /* LaunchScreen.storyboard */,
				DCC311BE29B77C1300E23278 /* Assets.xcassets */,
			);
			path = Utilities;
			sourceTree = "<group>";
		};
/* End PBXGroup section */

/* Begin PBXNativeTarget section */
		DCC311B629B77C1100E23278 /* Honey Moon */ = {
			isa = PBXNativeTarget;
			buildConfigurationList = DCC311C529B77C1300E23278 /* Build configuration list for PBXNativeTarget "Honey Moon" */;
			buildPhases = (
				DCC311B329B77C1100E23278 /* Sources */,
				DCC311B429B77C1100E23278 /* Frameworks */,
				DCC311B529B77C1100E23278 /* Resources */,
			);
			buildRules = (
			);
			dependencies = (
			);
			name = "Honey Moon";
			productName = "Honey Moon";
			productReference = DCC311B729B77C1100E23278 /* Honey Moon.app */;
			productType = "com.apple.product-type.application";
		};
/* End PBXNativeTarget section */

/* Begin PBXProject section */
		DCC311AF29B77C1100E23278 /* Project object */ = {
			isa = PBXProject;
			attributes = {
				BuildIndependentTargetsInParallel = 1;
				LastSwiftUpdateCheck = 1420;
				LastUpgradeCheck = 1420;
				TargetAttributes = {
					DCC311B629B77C1100E23278 = {
						CreatedOnToolsVersion = 14.2;
					};
				};
			};
			buildConfigurationList = DCC311B229B77C1100E23278 /* Build configuration list for PBXProject "Honey Moon" */;
			compatibilityVersion = "Xcode 14.0";
			developmentRegion = en;
			hasScannedForEncodings = 0;
			knownRegions = (
				en,
				Base,
			);
			mainGroup = DCC311AE29B77C1100E23278;
			productRefGroup = DCC311B829B77C1100E23278 /* Products */;
			projectDirPath = "";
			projectRoot = "";
			targets = (
				DCC311B629B77C1100E23278 /* Honey Moon */,
			);
		};
/* End PBXProject section */

/* Begin PBXResourcesBuildPhase section */
		DCC311B529B77C1100E23278 /* Resources */ = {
			isa = PBXResourcesBuildPhase;
			buildActionMask = 2147483647;
			files = (
				DCC311CB29B8C8AF00E23278 /* sound-rise.mp3 in Resources */,
				DCC311CC29B8C8AF00E23278 /* sound-click.mp3 in Resources */,
				DCC311C229B77C1300E23278 /* Preview Assets.xcassets in Resources */,
				DCC311CE29B9D60C00E23278 /* LaunchScreen.storyboard in Resources */,
				DCC311BF29B77C1300E23278 /* Assets.xcassets in Resources */,
			);
			runOnlyForDeploymentPostprocessing = 0;
		};
/* End PBXResourcesBuildPhase section */

/* Begin PBXSourcesBuildPhase section */
		DCC311B329B77C1100E23278 /* Sources */ = {
			isa = PBXSourcesBuildPhase;
			buildActionMask = 2147483647;
			files = (
				DCC311D429B9E08E00E23278 /* HoneymoonData.swift in Sources */,
				DCC311D029B9DF3900E23278 /* HoneymoonModel.swift in Sources */,
				DCC311BD29B77C1100E23278 /* ContentView.swift in Sources */,
				DCC311BB29B77C1100E23278 /* Honey_MoonApp.swift in Sources */,
				DCC311D729B9E11100E23278 /* CardView.swift in Sources */,
			);
			runOnlyForDeploymentPostprocessing = 0;
		};
/* End PBXSourcesBuildPhase section */

/* Begin XCBuildConfiguration section */
		DCC311C329B77C1300E23278 /* Debug */ = {
			isa = XCBuildConfiguration;
			buildSettings = {
				ALWAYS_SEARCH_USER_PATHS = NO;
				CLANG_ANALYZER_NONNULL = YES;
				CLANG_ANALYZER_NUMBER_OBJECT_CONVERSION = YES_AGGRESSIVE;
				CLANG_CXX_LANGUAGE_STANDARD = "gnu++20";
				CLANG_ENABLE_MODULES = YES;
				CLANG_ENABLE_OBJC_ARC = YES;
				CLANG_ENABLE_OBJC_WEAK = YES;
				CLANG_WARN_BLOCK_CAPTURE_AUTORELEASING = YES;
				CLANG_WARN_BOOL_CONVERSION = YES;
				CLANG_WARN_COMMA = YES;
				CLANG_WARN_CONSTANT_CONVERSION = YES;
				CLANG_WARN_DEPRECATED_OBJC_IMPLEMENTATIONS = YES;
				CLANG_WARN_DIRECT_OBJC_ISA_USAGE = YES_ERROR;
				CLANG_WARN_DOCUMENTATION_COMMENTS = YES;
				CLANG_WARN_EMPTY_BODY = YES;
				CLANG_WARN_ENUM_CONVERSION = YES;
				CLANG_WARN_INFINITE_RECURSION = YES;
				CLANG_WARN_INT_CONVERSION = YES;
				CLANG_WARN_NON_LITERAL_NULL_CONVERSION = YES;
				CLANG_WARN_OBJC_IMPLICIT_RETAIN_SELF = YES;
				CLANG_WARN_OBJC_LITERAL_CONVERSION = YES;
				CLANG_WARN_OBJC_ROOT_CLASS = YES_ERROR;
				CLANG_WARN_QUOTED_INCLUDE_IN_FRAMEWORK_HEADER = YES;
				CLANG_WARN_RANGE_LOOP_ANALYSIS = YES;
				CLANG_WARN_STRICT_PROTOTYPES = YES;
				CLANG_WARN_SUSPICIOUS_MOVE = YES;
				CLANG_WARN_UNGUARDED_AVAILABILITY = YES_AGGRESSIVE;
				CLANG_WARN_UNREACHABLE_CODE = YES;
				CLANG_WARN__DUPLICATE_METHOD_MATCH = YES;
				COPY_PHASE_STRIP = NO;
				DEBUG_INFORMATION_FORMAT = dwarf;
				ENABLE_STRICT_OBJC_MSGSEND = YES;
				ENABLE_TESTABILITY = YES;
				GCC_C_LANGUAGE_STANDARD = gnu11;
				GCC_DYNAMIC_NO_PIC = NO;
				GCC_NO_COMMON_BLOCKS = YES;
				GCC_OPTIMIZATION_LEVEL = 0;
				GCC_PREPROCESSOR_DEFINITIONS = (
					"DEBUG=1",
					"$(inherited)",
				);
				GCC_WARN_64_TO_32_BIT_CONVERSION = YES;
				GCC_WARN_ABOUT_RETURN_TYPE = YES_ERROR;
				GCC_WARN_UNDECLARED_SELECTOR = YES;
				GCC_WARN_UNINITIALIZED_AUTOS = YES_AGGRESSIVE;
				GCC_WARN_UNUSED_FUNCTION = YES;
				GCC_WARN_UNUSED_VARIABLE = YES;
				INFOPLIST_KEY_UIApplicationSceneManifest_Generation = YES;
				INFOPLIST_KEY_UILaunchScreen_Generation = YES;
				INFOPLIST_KEY_UILaunchStoryboardName = LaunchScreen;
				IPHONEOS_DEPLOYMENT_TARGET = 16.2;
				MTL_ENABLE_DEBUG_INFO = INCLUDE_SOURCE;
				MTL_FAST_MATH = YES;
				ONLY_ACTIVE_ARCH = YES;
				SDKROOT = iphoneos;
				SWIFT_ACTIVE_COMPILATION_CONDITIONS = DEBUG;
				SWIFT_OPTIMIZATION_LEVEL = "-Onone";
			};
			name = Debug;
		};
		DCC311C429B77C1300E23278 /* Release */ = {
			isa = XCBuildConfiguration;
			buildSettings = {
				ALWAYS_SEARCH_USER_PATHS = NO;
				CLANG_ANALYZER_NONNULL = YES;
				CLANG_ANALYZER_NUMBER_OBJECT_CONVERSION = YES_AGGRESSIVE;
				CLANG_CXX_LANGUAGE_STANDARD = "gnu++20";
				CLANG_ENABLE_MODULES = YES;
				CLANG_ENABLE_OBJC_ARC = YES;
				CLANG_ENABLE_OBJC_WEAK = YES;
				CLANG_WARN_BLOCK_CAPTURE_AUTORELEASING = YES;
				CLANG_WARN_BOOL_CONVERSION = YES;
				CLANG_WARN_COMMA = YES;
				CLANG_WARN_CONSTANT_CONVERSION = YES;
				CLANG_WARN_DEPRECATED_OBJC_IMPLEMENTATIONS = YES;
				CLANG_WARN_DIRECT_OBJC_ISA_USAGE = YES_ERROR;
				CLANG_WARN_DOCUMENTATION_COMMENTS = YES;
				CLANG_WARN_EMPTY_BODY = YES;
				CLANG_WARN_ENUM_CONVERSION = YES;
				CLANG_WARN_INFINITE_RECURSION = YES;
				CLANG_WARN_INT_CONVERSION = YES;
				CLANG_WARN_NON_LITERAL_NULL_CONVERSION = YES;
				CLANG_WARN_OBJC_IMPLICIT_RETAIN_SELF = YES;
				CLANG_WARN_OBJC_LITERAL_CONVERSION = YES;
				CLANG_WARN_OBJC_ROOT_CLASS = YES_ERROR;
				CLANG_WARN_QUOTED_INCLUDE_IN_FRAMEWORK_HEADER = YES;
				CLANG_WARN_RANGE_LOOP_ANALYSIS = YES;
				CLANG_WARN_STRICT_PROTOTYPES = YES;
				CLANG_WARN_SUSPICIOUS_MOVE = YES;
				CLANG_WARN_UNGUARDED_AVAILABILITY = YES_AGGRESSIVE;
				CLANG_WARN_UNREACHABLE_CODE = YES;
				CLANG_WARN__DUPLICATE_METHOD_MATCH = YES;
				COPY_PHASE_STRIP = NO;
				DEBUG_INFORMATION_FORMAT = "dwarf-with-dsym";
				ENABLE_NS_ASSERTIONS = NO;
				ENABLE_STRICT_OBJC_MSGSEND = YES;
				GCC_C_LANGUAGE_STANDARD = gnu11;
				GCC_NO_COMMON_BLOCKS = YES;
				GCC_WARN_64_TO_32_BIT_CONVERSION = YES;
				GCC_WARN_ABOUT_RETURN_TYPE = YES_ERROR;
				GCC_WARN_UNDECLARED_SELECTOR = YES;
				GCC_WARN_UNINITIALIZED_AUTOS = YES_AGGRESSIVE;
				GCC_WARN_UNUSED_FUNCTION = YES;
				GCC_WARN_UNUSED_VARIABLE = YES;
				INFOPLIST_KEY_UIApplicationSceneManifest_Generation = YES;
				INFOPLIST_KEY_UILaunchScreen_Generation = YES;
				INFOPLIST_KEY_UILaunchStoryboardName = LaunchScreen;
				IPHONEOS_DEPLOYMENT_TARGET = 16.2;
				MTL_ENABLE_DEBUG_INFO = NO;
				MTL_FAST_MATH = YES;
				SDKROOT = iphoneos;
				SWIFT_COMPILATION_MODE = wholemodule;
				SWIFT_OPTIMIZATION_LEVEL = "-O";
				VALIDATE_PRODUCT = YES;
			};
			name = Release;
		};
		DCC311C629B77C1300E23278 /* Debug */ = {
			isa = XCBuildConfiguration;
			buildSettings = {
				ASSETCATALOG_COMPILER_APPICON_NAME = AppIcon;
				ASSETCATALOG_COMPILER_GLOBAL_ACCENT_COLOR_NAME = AccentColor;
				CODE_SIGN_STYLE = Automatic;
				CURRENT_PROJECT_VERSION = 1;
				DEVELOPMENT_ASSET_PATHS = "\"Honey Moon/Preview Content\"";
				DEVELOPMENT_TEAM = 9786TSAYF2;
				ENABLE_PREVIEWS = YES;
				GENERATE_INFOPLIST_FILE = YES;
				INFOPLIST_KEY_UIApplicationSceneManifest_Generation = YES;
				INFOPLIST_KEY_UIApplicationSupportsIndirectInputEvents = YES;
				INFOPLIST_KEY_UILaunchScreen_Generation = YES;
				INFOPLIST_KEY_UILaunchStoryboardName = LaunchScreen.storyboard;
				INFOPLIST_KEY_UISupportedInterfaceOrientations = UIInterfaceOrientationPortrait;
				INFOPLIST_KEY_UISupportedInterfaceOrientations_iPad = "UIInterfaceOrientationLandscapeLeft UIInterfaceOrientationLandscapeRight UIInterfaceOrientationPortrait UIInterfaceOrientationPortraitUpsideDown";
				LD_RUNPATH_SEARCH_PATHS = (
					"$(inherited)",
					"@executable_path/Frameworks",
				);
				MARKETING_VERSION = 1.0;
				PRODUCT_BUNDLE_IDENTIFIER = "Kamonpan.Honey-Moon";
				PRODUCT_NAME = "$(TARGET_NAME)";
				SWIFT_EMIT_LOC_STRINGS = YES;
				SWIFT_VERSION = 5.0;
				TARGETED_DEVICE_FAMILY = "1,2";
			};
			name = Debug;
		};
		DCC311C729B77C1300E23278 /* Release */ = {
			isa = XCBuildConfiguration;
			buildSettings = {
				ASSETCATALOG_COMPILER_APPICON_NAME = AppIcon;
				ASSETCATALOG_COMPILER_GLOBAL_ACCENT_COLOR_NAME = AccentColor;
				CODE_SIGN_STYLE = Automatic;
				CURRENT_PROJECT_VERSION = 1;
				DEVELOPMENT_ASSET_PATHS = "\"Honey Moon/Preview Content\"";
				DEVELOPMENT_TEAM = 9786TSAYF2;
				ENABLE_PREVIEWS = YES;
				GENERATE_INFOPLIST_FILE = YES;
				INFOPLIST_KEY_UIApplicationSceneManifest_Generation = YES;
				INFOPLIST_KEY_UIApplicationSupportsIndirectInputEvents = YES;
				INFOPLIST_KEY_UILaunchScreen_Generation = YES;
				INFOPLIST_KEY_UILaunchStoryboardName = LaunchScreen.storyboard;
				INFOPLIST_KEY_UISupportedInterfaceOrientations = UIInterfaceOrientationPortrait;
				INFOPLIST_KEY_UISupportedInterfaceOrientations_iPad = "UIInterfaceOrientationLandscapeLeft UIInterfaceOrientationLandscapeRight UIInterfaceOrientationPortrait UIInterfaceOrientationPortraitUpsideDown";
				LD_RUNPATH_SEARCH_PATHS = (
					"$(inherited)",
					"@executable_path/Frameworks",
				);
				MARKETING_VERSION = 1.0;
				PRODUCT_BUNDLE_IDENTIFIER = "Kamonpan.Honey-Moon";
				PRODUCT_NAME = "$(TARGET_NAME)";
				SWIFT_EMIT_LOC_STRINGS = YES;
				SWIFT_VERSION = 5.0;
				TARGETED_DEVICE_FAMILY = "1,2";
			};
			name = Release;
		};
/* End XCBuildConfiguration section */

/* Begin XCConfigurationList section */
		DCC311B229B77C1100E23278 /* Build configuration list for PBXProject "Honey Moon" */ = {
			isa = XCConfigurationList;
			buildConfigurations = (
				DCC311C329B77C1300E23278 /* Debug */,
				DCC311C429B77C1300E23278 /* Release */,
			);
			defaultConfigurationIsVisible = 0;
			defaultConfigurationName = Release;
		};
		DCC311C529B77C1300E23278 /* Build configuration list for PBXNativeTarget "Honey Moon" */ = {
			isa = XCConfigurationList;
			buildConfigurations = (
				DCC311C629B77C1300E23278 /* Debug */,
				DCC311C729B77C1300E23278 /* Release */,
			);
			defaultConfigurationIsVisible = 0;
			defaultConfigurationName = Release;
		};
/* End XCConfigurationList section */
	};
	rootObject = DCC311AF29B77C1100E23278 /* Project object */;
}
